// !$*UTF8*$!
{
	archiveVersion = 1;
	classes = {
	};
	objectVersion = 46;
	objects = {

/* Begin PBXBuildFile section */
		ED133D151AB7F3B60065290A /* settings.swift in Sources */ = {isa = PBXBuildFile; fileRef = ED133D141AB7F3B60065290A /* settings.swift */; };
		ED4A7AB31A809E1C00DC2971 /* main.swift in Sources */ = {isa = PBXBuildFile; fileRef = ED4A7AB21A809E1C00DC2971 /* main.swift */; };
/* End PBXBuildFile section */

/* Begin PBXCopyFilesBuildPhase section */
		ED4A7AAD1A809E1C00DC2971 /* CopyFiles */ = {
			isa = PBXCopyFilesBuildPhase;
			buildActionMask = 2147483647;
			dstPath = /usr/share/man/man1/;
			dstSubfolderSpec = 0;
			files = (
			);
			runOnlyForDeploymentPostprocessing = 1;
		};
/* End PBXCopyFilesBuildPhase section */

/* Begin PBXFileReference section */
		ED133D131AB7F3190065290A /* settings.xib */ = {isa = PBXFileReference; fileEncoding = 4; lastKnownFileType = file.xib; path = settings.xib; sourceTree = "<group>"; };
		ED133D141AB7F3B60065290A /* settings.swift */ = {isa = PBXFileReference; fileEncoding = 4; lastKnownFileType = sourcecode.swift; path = settings.swift; sourceTree = "<group>"; };
		ED4A7AAF1A809E1C00DC2971 /* Wallcycle */ = {isa = PBXFileReference; explicitFileType = "compiled.mach-o.executable"; includeInIndex = 0; path = Wallcycle; sourceTree = BUILT_PRODUCTS_DIR; };
		ED4A7AB21A809E1C00DC2971 /* main.swift */ = {isa = PBXFileReference; lastKnownFileType = sourcecode.swift; path = main.swift; sourceTree = "<group>"; };
		EDBD3D861A8CA4970053EB86 /* launchd.plist */ = {isa = PBXFileReference; fileEncoding = 4; lastKnownFileType = text.plist.xml; path = launchd.plist; sourceTree = "<group>"; };
/* End PBXFileReference section */

/* Begin PBXFrameworksBuildPhase section */
		ED4A7AAC1A809E1C00DC2971 /* Frameworks */ = {
			isa = PBXFrameworksBuildPhase;
			buildActionMask = 2147483647;
			files = (
			);
			runOnlyForDeploymentPostprocessing = 0;
		};
/* End PBXFrameworksBuildPhase section */

/* Begin PBXGroup section */
		ED4A7AA61A809E1C00DC2971 = {
			isa = PBXGroup;
			children = (
				ED4A7AB11A809E1C00DC2971 /* Wallcycle */,
				ED4A7AB01A809E1C00DC2971 /* Products */,
			);
			sourceTree = "<group>";
		};
		ED4A7AB01A809E1C00DC2971 /* Products */ = {
			isa = PBXGroup;
			children = (
				ED4A7AAF1A809E1C00DC2971 /* Wallcycle */,
			);
			name = Products;
			sourceTree = "<group>";
		};
		ED4A7AB11A809E1C00DC2971 /* Wallcycle */ = {
			isa = PBXGroup;
			children = (
				ED133D131AB7F3190065290A /* settings.xib */,
				ED133D141AB7F3B60065290A /* settings.swift */,
				ED4A7AB21A809E1C00DC2971 /* main.swift */,
				EDBD3D861A8CA4970053EB86 /* launchd.plist */,
			);
			path = Wallcycle;
			sourceTree = "<group>";
		};
/* End PBXGroup section */

/* Begin PBXNativeTarget section */
		ED4A7AAE1A809E1C00DC2971 /* Wallcycle */ = {
			isa = PBXNativeTarget;
			buildConfigurationList = ED4A7AB61A809E1C00DC2971 /* Build configuration list for PBXNativeTarget "Wallcycle" */;
			buildPhases = (
				ED4A7AAB1A809E1C00DC2971 /* Sources */,
				ED4A7AAC1A809E1C00DC2971 /* Frameworks */,
				ED4A7AAD1A809E1C00DC2971 /* CopyFiles */,
			);
			buildRules = (
			);
			dependencies = (
			);
			name = Wallcycle;
			productName = Wallcycle;
			productReference = ED4A7AAF1A809E1C00DC2971 /* Wallcycle */;
			productType = "com.apple.product-type.tool";
		};
/* End PBXNativeTarget section */

/* Begin PBXProject section */
		ED4A7AA71A809E1C00DC2971 /* Project object */ = {
			isa = PBXProject;
			attributes = {
				LastUpgradeCheck = 0610;
				ORGANIZATIONNAME = "Louis Orleans";
				TargetAttributes = {
					ED4A7AAE1A809E1C00DC2971 = {
						CreatedOnToolsVersion = 6.1.1;
					};
				};
			};
			buildConfigurationList = ED4A7AAA1A809E1C00DC2971 /* Build configuration list for PBXProject "Wallcycle" */;
			compatibilityVersion = "Xcode 3.2";
			developmentRegion = English;
			hasScannedForEncodings = 0;
			knownRegions = (
				en,
			);
			mainGroup = ED4A7AA61A809E1C00DC2971;
			productRefGroup = ED4A7AB01A809E1C00DC2971 /* Products */;
			projectDirPath = "";
			projectRoot = "";
			targets = (
				ED4A7AAE1A809E1C00DC2971 /* Wallcycle */,
			);
		};
/* End PBXProject section */

/* Begin PBXSourcesBuildPhase section */
		ED4A7AAB1A809E1C00DC2971 /* Sources */ = {
			isa = PBXSourcesBuildPhase;
			buildActionMask = 2147483647;
			files = (
				ED133D151AB7F3B60065290A /* settings.swift in Sources */,
				ED4A7AB31A809E1C00DC2971 /* main.swift in Sources */,
			);
			runOnlyForDeploymentPostprocessing = 0;
		};
/* End PBXSourcesBuildPhase section */

/* Begin XCBuildConfiguration section */
		ED4A7AB41A809E1C00DC2971 /* Debug */ = {
			isa = XCBuildConfiguration;
			buildSettings = {
				ALWAYS_SEARCH_USER_PATHS = NO;
				CLANG_CXX_LANGUAGE_STANDARD = "gnu++0x";
				CLANG_CXX_LIBRARY = "libc++";
				CLANG_ENABLE_MODULES = YES;
				CLANG_ENABLE_OBJC_ARC = YES;
				CLANG_WARN_BOOL_CONVERSION = YES;
				CLANG_WARN_CONSTANT_CONVERSION = YES;
				CLANG_WARN_DIRECT_OBJC_ISA_USAGE = YES_ERROR;
				CLANG_WARN_EMPTY_BODY = YES;
				CLANG_WARN_ENUM_CONVERSION = YES;
				CLANG_WARN_INT_CONVERSION = YES;
				CLANG_WARN_OBJC_ROOT_CLASS = YES_ERROR;
				CLANG_WARN_UNREACHABLE_CODE = YES;
				CLANG_WARN__DUPLICATE_METHOD_MATCH = YES;
				COPY_PHASE_STRIP = NO;
				ENABLE_STRICT_OBJC_MSGSEND = YES;
				GCC_C_LANGUAGE_STANDARD = gnu99;
				GCC_DYNAMIC_NO_PIC = NO;
				GCC_OPTIMIZATION_LEVEL = 0;
				GCC_PREPROCESSOR_DEFINITIONS = (
					"DEBUG=1",
					"$(inherited)",
				);
				GCC_SYMBOLS_PRIVATE_EXTERN = NO;
				GCC_WARN_64_TO_32_BIT_CONVERSION = YES;
				GCC_WARN_ABOUT_RETURN_TYPE = YES_ERROR;
				GCC_WARN_UNDECLARED_SELECTOR = YES;
				GCC_WARN_UNINITIALIZED_AUTOS = YES_AGGRESSIVE;
				GCC_WARN_UNUSED_FUNCTION = YES;
				GCC_WARN_UNUSED_VARIABLE = YES;
				MACOSX_DEPLOYMENT_TARGET = 10.9;
				MTL_ENABLE_DEBUG_INFO = YES;
				ONLY_ACTIVE_ARCH = YES;
				SDKROOT = macosx;
				SWIFT_OPTIMIZATION_LEVEL = "-Onone";
			};
			name = Debug;
		};
		ED4A7AB51A809E1C00DC2971 /* Release */ = {
			isa = XCBuildConfiguration;
			buildSettings = {
				ALWAYS_SEARCH_USER_PATHS = NO;
				CLANG_CXX_LANGUAGE_STANDARD = "gnu++0x";
				CLANG_CXX_LIBRARY = "libc++";
				CLANG_ENABLE_MODULES = YES;
				CLANG_ENABLE_OBJC_ARC = YES;
				CLANG_WARN_BOOL_CONVERSION = YES;
				CLANG_WARN_CONSTANT_CONVERSION = YES;
				CLANG_WARN_DIRECT_OBJC_ISA_USAGE = YES_ERROR;
				CLANG_WARN_EMPTY_BODY = YES;
				CLANG_WARN_ENUM_CONVERSION = YES;
				CLANG_WARN_INT_CONVERSION = YES;
				CLANG_WARN_OBJC_ROOT_CLASS = YES_ERROR;
				CLANG_WARN_UNREACHABLE_CODE = YES;
				CLANG_WARN__DUPLICATE_METHOD_MATCH = YES;
				COPY_PHASE_STRIP = YES;
				DEBUG_INFORMATION_FORMAT = "dwarf-with-dsym";
				ENABLE_NS_ASSERTIONS = NO;
				ENABLE_STRICT_OBJC_MSGSEND = YES;
				GCC_C_LANGUAGE_STANDARD = gnu99;
				GCC_WARN_64_TO_32_BIT_CONVERSION = YES;
				GCC_WARN_ABOUT_RETURN_TYPE = YES_ERROR;
				GCC_WARN_UNDECLARED_SELECTOR = YES;
				GCC_WARN_UNINITIALIZED_AUTOS = YES_AGGRESSIVE;
				GCC_WARN_UNUSED_FUNCTION = YES;
				GCC_WARN_UNUSED_VARIABLE = YES;
				MACOSX_DEPLOYMENT_TARGET = 10.9;
				MTL_ENABLE_DEBUG_INFO = NO;
				SDKROOT = macosx;
			};
			name = Release;
		};
		ED4A7AB71A809E1C00DC2971 /* Debug */ = {
			isa = XCBuildConfiguration;
			buildSettings = {
				PRODUCT_NAME = "$(TARGET_NAME)";
			};
			name = Debug;
		};
		ED4A7AB81A809E1C00DC2971 /* Release */ = {
			isa = XCBuildConfiguration;
			buildSettings = {
				PRODUCT_NAME = "$(TARGET_NAME)";
			};
			name = Release;
		};
/* End XCBuildConfiguration section */

/* Begin XCConfigurationList section */
		ED4A7AAA1A809E1C00DC2971 /* Build configuration list for PBXProject "Wallcycle" */ = {
			isa = XCConfigurationList;
			buildConfigurations = (
				ED4A7AB41A809E1C00DC2971 /* Debug */,
				ED4A7AB51A809E1C00DC2971 /* Release */,
			);
			defaultConfigurationIsVisible = 0;
			defaultConfigurationName = Release;
		};
		ED4A7AB61A809E1C00DC2971 /* Build configuration list for PBXNativeTarget "Wallcycle" */ = {
			isa = XCConfigurationList;
			buildConfigurations = (
				ED4A7AB71A809E1C00DC2971 /* Debug */,
				ED4A7AB81A809E1C00DC2971 /* Release */,
			);
			defaultConfigurationIsVisible = 0;
			defaultConfigurationName = Release;
		};
/* End XCConfigurationList section */
	};
	rootObject = ED4A7AA71A809E1C00DC2971 /* Project object */;
}
