// !$*UTF8*$!
{
	archiveVersion = 1;
	classes = {
	};
	objectVersion = 46;
	objects = {

/* Begin PBXBuildFile section */
		ED90E45B1AB92A3300A5F203 /* AppDelegate.swift in Sources */ = {isa = PBXBuildFile; fileRef = ED90E45A1AB92A3300A5F203 /* AppDelegate.swift */; };
		ED90E45D1AB92A3300A5F203 /* ViewController.swift in Sources */ = {isa = PBXBuildFile; fileRef = ED90E45C1AB92A3300A5F203 /* ViewController.swift */; };
		ED90E45F1AB92A3300A5F203 /* Images.xcassets in Resources */ = {isa = PBXBuildFile; fileRef = ED90E45E1AB92A3300A5F203 /* Images.xcassets */; };
		ED90E4621AB92A3300A5F203 /* Main.storyboard in Resources */ = {isa = PBXBuildFile; fileRef = ED90E4601AB92A3300A5F203 /* Main.storyboard */; };
		ED90E46E1AB92A3300A5F203 /* WallcycleTests.swift in Sources */ = {isa = PBXBuildFile; fileRef = ED90E46D1AB92A3300A5F203 /* WallcycleTests.swift */; };
		ED90E4791AB9736C00A5F203 /* Wallcycle.swift in Sources */ = {isa = PBXBuildFile; fileRef = ED90E4771AB9736C00A5F203 /* Wallcycle.swift */; };
		ED90E47A1AB9736C00A5F203 /* shared.swift in Sources */ = {isa = PBXBuildFile; fileRef = ED90E4781AB9736C00A5F203 /* shared.swift */; };
/* End PBXBuildFile section */

/* Begin PBXContainerItemProxy section */
		ED90E4681AB92A3300A5F203 /* PBXContainerItemProxy */ = {
			isa = PBXContainerItemProxy;
			containerPortal = ED90E44D1AB92A3200A5F203 /* Project object */;
			proxyType = 1;
			remoteGlobalIDString = ED90E4541AB92A3300A5F203;
			remoteInfo = Wallcycle;
		};
/* End PBXContainerItemProxy section */

/* Begin PBXFileReference section */
		ED90E4551AB92A3300A5F203 /* Wallcycle.app */ = {isa = PBXFileReference; explicitFileType = wrapper.application; includeInIndex = 0; path = Wallcycle.app; sourceTree = BUILT_PRODUCTS_DIR; };
		ED90E4591AB92A3300A5F203 /* Info.plist */ = {isa = PBXFileReference; lastKnownFileType = text.plist.xml; path = Info.plist; sourceTree = "<group>"; };
		ED90E45A1AB92A3300A5F203 /* AppDelegate.swift */ = {isa = PBXFileReference; lastKnownFileType = sourcecode.swift; path = AppDelegate.swift; sourceTree = "<group>"; };
		ED90E45C1AB92A3300A5F203 /* ViewController.swift */ = {isa = PBXFileReference; lastKnownFileType = sourcecode.swift; path = ViewController.swift; sourceTree = "<group>"; };
		ED90E45E1AB92A3300A5F203 /* Images.xcassets */ = {isa = PBXFileReference; lastKnownFileType = folder.assetcatalog; path = Images.xcassets; sourceTree = "<group>"; };
		ED90E4611AB92A3300A5F203 /* Base */ = {isa = PBXFileReference; lastKnownFileType = file.storyboard; name = Base; path = Base.lproj/Main.storyboard; sourceTree = "<group>"; };
		ED90E4671AB92A3300A5F203 /* WallcycleTests.xctest */ = {isa = PBXFileReference; explicitFileType = wrapper.cfbundle; includeInIndex = 0; path = WallcycleTests.xctest; sourceTree = BUILT_PRODUCTS_DIR; };
		ED90E46C1AB92A3300A5F203 /* Info.plist */ = {isa = PBXFileReference; lastKnownFileType = text.plist.xml; path = Info.plist; sourceTree = "<group>"; };
		ED90E46D1AB92A3300A5F203 /* WallcycleTests.swift */ = {isa = PBXFileReference; lastKnownFileType = sourcecode.swift; path = WallcycleTests.swift; sourceTree = "<group>"; };
		ED90E4771AB9736C00A5F203 /* Wallcycle.swift */ = {isa = PBXFileReference; fileEncoding = 4; lastKnownFileType = sourcecode.swift; path = Wallcycle.swift; sourceTree = "<group>"; };
		ED90E4781AB9736C00A5F203 /* shared.swift */ = {isa = PBXFileReference; fileEncoding = 4; lastKnownFileType = sourcecode.swift; path = shared.swift; sourceTree = "<group>"; };
/* End PBXFileReference section */

/* Begin PBXFrameworksBuildPhase section */
		ED90E4521AB92A3300A5F203 /* Frameworks */ = {
			isa = PBXFrameworksBuildPhase;
			buildActionMask = 2147483647;
			files = (
			);
			runOnlyForDeploymentPostprocessing = 0;
		};
		ED90E4641AB92A3300A5F203 /* Frameworks */ = {
			isa = PBXFrameworksBuildPhase;
			buildActionMask = 2147483647;
			files = (
			);
			runOnlyForDeploymentPostprocessing = 0;
		};
/* End PBXFrameworksBuildPhase section */

/* Begin PBXGroup section */
		ED90E44C1AB92A3200A5F203 = {
			isa = PBXGroup;
			children = (
				ED90E4571AB92A3300A5F203 /* Wallcycle */,
				ED90E46A1AB92A3300A5F203 /* WallcycleTests */,
				ED90E4561AB92A3300A5F203 /* Products */,
			);
			sourceTree = "<group>";
		};
		ED90E4561AB92A3300A5F203 /* Products */ = {
			isa = PBXGroup;
			children = (
				ED90E4551AB92A3300A5F203 /* Wallcycle.app */,
				ED90E4671AB92A3300A5F203 /* WallcycleTests.xctest */,
			);
			name = Products;
			sourceTree = "<group>";
		};
		ED90E4571AB92A3300A5F203 /* Wallcycle */ = {
			isa = PBXGroup;
			children = (
				ED90E4771AB9736C00A5F203 /* Wallcycle.swift */,
				ED90E4781AB9736C00A5F203 /* shared.swift */,
				ED90E45A1AB92A3300A5F203 /* AppDelegate.swift */,
				ED90E45C1AB92A3300A5F203 /* ViewController.swift */,
				ED90E45E1AB92A3300A5F203 /* Images.xcassets */,
				ED90E4601AB92A3300A5F203 /* Main.storyboard */,
				ED90E4581AB92A3300A5F203 /* Supporting Files */,
			);
			path = Wallcycle;
			sourceTree = "<group>";
		};
		ED90E4581AB92A3300A5F203 /* Supporting Files */ = {
			isa = PBXGroup;
			children = (
				ED90E4591AB92A3300A5F203 /* Info.plist */,
			);
			name = "Supporting Files";
			sourceTree = "<group>";
		};
		ED90E46A1AB92A3300A5F203 /* WallcycleTests */ = {
			isa = PBXGroup;
			children = (
				ED90E46D1AB92A3300A5F203 /* WallcycleTests.swift */,
				ED90E46B1AB92A3300A5F203 /* Supporting Files */,
			);
			path = WallcycleTests;
			sourceTree = "<group>";
		};
		ED90E46B1AB92A3300A5F203 /* Supporting Files */ = {
			isa = PBXGroup;
			children = (
				ED90E46C1AB92A3300A5F203 /* Info.plist */,
			);
			name = "Supporting Files";
			sourceTree = "<group>";
		};
/* End PBXGroup section */

/* Begin PBXNativeTarget section */
		ED90E4541AB92A3300A5F203 /* Wallcycle */ = {
			isa = PBXNativeTarget;
			buildConfigurationList = ED90E4711AB92A3300A5F203 /* Build configuration list for PBXNativeTarget "Wallcycle" */;
			buildPhases = (
				ED90E4511AB92A3300A5F203 /* Sources */,
				ED90E4521AB92A3300A5F203 /* Frameworks */,
				ED90E4531AB92A3300A5F203 /* Resources */,
			);
			buildRules = (
			);
			dependencies = (
			);
			name = Wallcycle;
			productName = Wallcycle;
			productReference = ED90E4551AB92A3300A5F203 /* Wallcycle.app */;
			productType = "com.apple.product-type.application";
		};
		ED90E4661AB92A3300A5F203 /* WallcycleTests */ = {
			isa = PBXNativeTarget;
			buildConfigurationList = ED90E4741AB92A3300A5F203 /* Build configuration list for PBXNativeTarget "WallcycleTests" */;
			buildPhases = (
				ED90E4631AB92A3300A5F203 /* Sources */,
				ED90E4641AB92A3300A5F203 /* Frameworks */,
				ED90E4651AB92A3300A5F203 /* Resources */,
			);
			buildRules = (
			);
			dependencies = (
				ED90E4691AB92A3300A5F203 /* PBXTargetDependency */,
			);
			name = WallcycleTests;
			productName = WallcycleTests;
			productReference = ED90E4671AB92A3300A5F203 /* WallcycleTests.xctest */;
			productType = "com.apple.product-type.bundle.unit-test";
		};
/* End PBXNativeTarget section */

/* Begin PBXProject section */
		ED90E44D1AB92A3200A5F203 /* Project object */ = {
			isa = PBXProject;
			attributes = {
				LastUpgradeCheck = 0610;
				ORGANIZATIONNAME = "Louis Orleans";
				TargetAttributes = {
					ED90E4541AB92A3300A5F203 = {
						CreatedOnToolsVersion = 6.1.1;
					};
					ED90E4661AB92A3300A5F203 = {
						CreatedOnToolsVersion = 6.1.1;
						TestTargetID = ED90E4541AB92A3300A5F203;
					};
				};
			};
			buildConfigurationList = ED90E4501AB92A3200A5F203 /* Build configuration list for PBXProject "Wallcycle" */;
			compatibilityVersion = "Xcode 3.2";
			developmentRegion = English;
			hasScannedForEncodings = 0;
			knownRegions = (
				en,
				Base,
			);
			mainGroup = ED90E44C1AB92A3200A5F203;
			productRefGroup = ED90E4561AB92A3300A5F203 /* Products */;
			projectDirPath = "";
			projectRoot = "";
			targets = (
				ED90E4541AB92A3300A5F203 /* Wallcycle */,
				ED90E4661AB92A3300A5F203 /* WallcycleTests */,
			);
		};
/* End PBXProject section */

/* Begin PBXResourcesBuildPhase section */
		ED90E4531AB92A3300A5F203 /* Resources */ = {
			isa = PBXResourcesBuildPhase;
			buildActionMask = 2147483647;
			files = (
				ED90E45F1AB92A3300A5F203 /* Images.xcassets in Resources */,
				ED90E4621AB92A3300A5F203 /* Main.storyboard in Resources */,
			);
			runOnlyForDeploymentPostprocessing = 0;
		};
		ED90E4651AB92A3300A5F203 /* Resources */ = {
			isa = PBXResourcesBuildPhase;
			buildActionMask = 2147483647;
			files = (
			);
			runOnlyForDeploymentPostprocessing = 0;
		};
/* End PBXResourcesBuildPhase section */

/* Begin PBXSourcesBuildPhase section */
		ED90E4511AB92A3300A5F203 /* Sources */ = {
			isa = PBXSourcesBuildPhase;
			buildActionMask = 2147483647;
			files = (
				ED90E45D1AB92A3300A5F203 /* ViewController.swift in Sources */,
				ED90E45B1AB92A3300A5F203 /* AppDelegate.swift in Sources */,
				ED90E47A1AB9736C00A5F203 /* shared.swift in Sources */,
				ED90E4791AB9736C00A5F203 /* Wallcycle.swift in Sources */,
			);
			runOnlyForDeploymentPostprocessing = 0;
		};
		ED90E4631AB92A3300A5F203 /* Sources */ = {
			isa = PBXSourcesBuildPhase;
			buildActionMask = 2147483647;
			files = (
				ED90E46E1AB92A3300A5F203 /* WallcycleTests.swift in Sources */,
			);
			runOnlyForDeploymentPostprocessing = 0;
		};
/* End PBXSourcesBuildPhase section */

/* Begin PBXTargetDependency section */
		ED90E4691AB92A3300A5F203 /* PBXTargetDependency */ = {
			isa = PBXTargetDependency;
			target = ED90E4541AB92A3300A5F203 /* Wallcycle */;
			targetProxy = ED90E4681AB92A3300A5F203 /* PBXContainerItemProxy */;
		};
/* End PBXTargetDependency section */

/* Begin PBXVariantGroup section */
		ED90E4601AB92A3300A5F203 /* Main.storyboard */ = {
			isa = PBXVariantGroup;
			children = (
				ED90E4611AB92A3300A5F203 /* Base */,
			);
			name = Main.storyboard;
			sourceTree = "<group>";
		};
/* End PBXVariantGroup section */

/* Begin XCBuildConfiguration section */
		ED90E46F1AB92A3300A5F203 /* Debug */ = {
			isa = XCBuildConfiguration;
			buildSettings = {
				ALWAYS_SEARCH_USER_PATHS = NO;
				CLANG_CXX_LANGUAGE_STANDARD = "gnu++0x";
				CLANG_CXX_LIBRARY = "libc++";
				CLANG_ENABLE_MODULES = YES;
				CLANG_ENABLE_OBJC_ARC = YES;
				CLANG_WARN_BOOL_CONVERSION = YES;
				CLANG_WARN_CONSTANT_CONVERSION = YES;
				CLANG_WARN_DIRECT_OBJC_ISA_USAGE = YES_ERROR;
				CLANG_WARN_EMPTY_BODY = YES;
				CLANG_WARN_ENUM_CONVERSION = YES;
				CLANG_WARN_INT_CONVERSION = YES;
				CLANG_WARN_OBJC_ROOT_CLASS = YES_ERROR;
				CLANG_WARN_UNREACHABLE_CODE = YES;
				CLANG_WARN__DUPLICATE_METHOD_MATCH = YES;
				CODE_SIGN_IDENTITY = "-";
				COPY_PHASE_STRIP = NO;
				ENABLE_STRICT_OBJC_MSGSEND = YES;
				GCC_C_LANGUAGE_STANDARD = gnu99;
				GCC_DYNAMIC_NO_PIC = NO;
				GCC_OPTIMIZATION_LEVEL = 0;
				GCC_PREPROCESSOR_DEFINITIONS = (
					"DEBUG=1",
					"$(inherited)",
				);
				GCC_SYMBOLS_PRIVATE_EXTERN = NO;
				GCC_WARN_64_TO_32_BIT_CONVERSION = YES;
				GCC_WARN_ABOUT_RETURN_TYPE = YES_ERROR;
				GCC_WARN_UNDECLARED_SELECTOR = YES;
				GCC_WARN_UNINITIALIZED_AUTOS = YES_AGGRESSIVE;
				GCC_WARN_UNUSED_FUNCTION = YES;
				GCC_WARN_UNUSED_VARIABLE = YES;
				MACOSX_DEPLOYMENT_TARGET = 10.10;
				MTL_ENABLE_DEBUG_INFO = YES;
				ONLY_ACTIVE_ARCH = YES;
				SDKROOT = macosx;
				SWIFT_OPTIMIZATION_LEVEL = "-Onone";
			};
			name = Debug;
		};
		ED90E4701AB92A3300A5F203 /* Release */ = {
			isa = XCBuildConfiguration;
			buildSettings = {
				ALWAYS_SEARCH_USER_PATHS = NO;
				CLANG_CXX_LANGUAGE_STANDARD = "gnu++0x";
				CLANG_CXX_LIBRARY = "libc++";
				CLANG_ENABLE_MODULES = YES;
				CLANG_ENABLE_OBJC_ARC = YES;
				CLANG_WARN_BOOL_CONVERSION = YES;
				CLANG_WARN_CONSTANT_CONVERSION = YES;
				CLANG_WARN_DIRECT_OBJC_ISA_USAGE = YES_ERROR;
				CLANG_WARN_EMPTY_BODY = YES;
				CLANG_WARN_ENUM_CONVERSION = YES;
				CLANG_WARN_INT_CONVERSION = YES;
				CLANG_WARN_OBJC_ROOT_CLASS = YES_ERROR;
				CLANG_WARN_UNREACHABLE_CODE = YES;
				CLANG_WARN__DUPLICATE_METHOD_MATCH = YES;
				CODE_SIGN_IDENTITY = "-";
				COPY_PHASE_STRIP = YES;
				DEBUG_INFORMATION_FORMAT = "dwarf-with-dsym";
				ENABLE_NS_ASSERTIONS = NO;
				ENABLE_STRICT_OBJC_MSGSEND = YES;
				GCC_C_LANGUAGE_STANDARD = gnu99;
				GCC_WARN_64_TO_32_BIT_CONVERSION = YES;
				GCC_WARN_ABOUT_RETURN_TYPE = YES_ERROR;
				GCC_WARN_UNDECLARED_SELECTOR = YES;
				GCC_WARN_UNINITIALIZED_AUTOS = YES_AGGRESSIVE;
				GCC_WARN_UNUSED_FUNCTION = YES;
				GCC_WARN_UNUSED_VARIABLE = YES;
				MACOSX_DEPLOYMENT_TARGET = 10.10;
				MTL_ENABLE_DEBUG_INFO = NO;
				SDKROOT = macosx;
			};
			name = Release;
		};
		ED90E4721AB92A3300A5F203 /* Debug */ = {
			isa = XCBuildConfiguration;
			buildSettings = {
				ASSETCATALOG_COMPILER_APPICON_NAME = AppIcon;
				COMBINE_HIDPI_IMAGES = YES;
				INFOPLIST_FILE = Wallcycle/Info.plist;
				LD_RUNPATH_SEARCH_PATHS = "$(inherited) @executable_path/../Frameworks";
				PRODUCT_NAME = "$(TARGET_NAME)";
			};
			name = Debug;
		};
		ED90E4731AB92A3300A5F203 /* Release */ = {
			isa = XCBuildConfiguration;
			buildSettings = {
				ASSETCATALOG_COMPILER_APPICON_NAME = AppIcon;
				COMBINE_HIDPI_IMAGES = YES;
				INFOPLIST_FILE = Wallcycle/Info.plist;
				LD_RUNPATH_SEARCH_PATHS = "$(inherited) @executable_path/../Frameworks";
				PRODUCT_NAME = "$(TARGET_NAME)";
			};
			name = Release;
		};
		ED90E4751AB92A3300A5F203 /* Debug */ = {
			isa = XCBuildConfiguration;
			buildSettings = {
				BUNDLE_LOADER = "$(TEST_HOST)";
				COMBINE_HIDPI_IMAGES = YES;
				FRAMEWORK_SEARCH_PATHS = (
					"$(DEVELOPER_FRAMEWORKS_DIR)",
					"$(inherited)",
				);
				GCC_PREPROCESSOR_DEFINITIONS = (
					"DEBUG=1",
					"$(inherited)",
				);
				INFOPLIST_FILE = WallcycleTests/Info.plist;
				LD_RUNPATH_SEARCH_PATHS = "$(inherited) @executable_path/../Frameworks @loader_path/../Frameworks";
				PRODUCT_NAME = "$(TARGET_NAME)";
				TEST_HOST = "$(BUILT_PRODUCTS_DIR)/Wallcycle.app/Contents/MacOS/Wallcycle";
			};
			name = Debug;
		};
		ED90E4761AB92A3300A5F203 /* Release */ = {
			isa = XCBuildConfiguration;
			buildSettings = {
				BUNDLE_LOADER = "$(TEST_HOST)";
				COMBINE_HIDPI_IMAGES = YES;
				FRAMEWORK_SEARCH_PATHS = (
					"$(DEVELOPER_FRAMEWORKS_DIR)",
					"$(inherited)",
				);
				INFOPLIST_FILE = WallcycleTests/Info.plist;
				LD_RUNPATH_SEARCH_PATHS = "$(inherited) @executable_path/../Frameworks @loader_path/../Frameworks";
				PRODUCT_NAME = "$(TARGET_NAME)";
				TEST_HOST = "$(BUILT_PRODUCTS_DIR)/Wallcycle.app/Contents/MacOS/Wallcycle";
			};
			name = Release;
		};
/* End XCBuildConfiguration section */

/* Begin XCConfigurationList section */
		ED90E4501AB92A3200A5F203 /* Build configuration list for PBXProject "Wallcycle" */ = {
			isa = XCConfigurationList;
			buildConfigurations = (
				ED90E46F1AB92A3300A5F203 /* Debug */,
				ED90E4701AB92A3300A5F203 /* Release */,
			);
			defaultConfigurationIsVisible = 0;
			defaultConfigurationName = Release;
		};
		ED90E4711AB92A3300A5F203 /* Build configuration list for PBXNativeTarget "Wallcycle" */ = {
			isa = XCConfigurationList;
			buildConfigurations = (
				ED90E4721AB92A3300A5F203 /* Debug */,
				ED90E4731AB92A3300A5F203 /* Release */,
			);
			defaultConfigurationIsVisible = 0;
		};
		ED90E4741AB92A3300A5F203 /* Build configuration list for PBXNativeTarget "WallcycleTests" */ = {
			isa = XCConfigurationList;
			buildConfigurations = (
				ED90E4751AB92A3300A5F203 /* Debug */,
				ED90E4761AB92A3300A5F203 /* Release */,
			);
			defaultConfigurationIsVisible = 0;
		};
/* End XCConfigurationList section */
	};
	rootObject = ED90E44D1AB92A3200A5F203 /* Project object */;
}
